#MicroXplorer Configuration settings - do not modify
Mcu.Family=STM32F4
RCC.PLLSourceVirtual=RCC_PLLSOURCE_HSE
ProjectManager.MainLocation=Core/Src
NVIC.HASH_RNG_IRQn=true\:0\:0\:false\:false\:true\:true\:true
ProjectManager.ProjectFileName=FreeRTOS_robustness_improvement.ioc
PH0-OSC_IN.Signal=RCC_OSC_IN
RCC.CortexFreq_Value=72000000
PD12.GPIO_Speed=GPIO_SPEED_FREQ_VERY_HIGH
ProjectManager.KeepUserCode=true
Mcu.UserName=STM32F407VGTx
Mcu.PinsNb=19
ProjectManager.NoMain=true
PE2.PinState=GPIO_PIN_RESET
PD15.GPIO_Speed=GPIO_SPEED_FREQ_VERY_HIGH
RCC.PLLCLKFreq_Value=72000000
RCC.PLLQCLKFreq_Value=36000000
ProjectManager.functionlistsort=1-MX_GPIO_Init-GPIO-false-HAL-true,2-SystemClock_Config-RCC-false-HAL-false,3-MX_USART1_UART_Init-USART1-false-HAL-true,4-MX_RNG_Init-RNG-false-HAL-true
PC0.GPIOParameters=GPIO_Speed,PinState
PE2.GPIO_Speed=GPIO_SPEED_FREQ_VERY_HIGH
PD13.GPIOParameters=GPIO_Speed
RCC.RTCFreq_Value=32000
ProjectManager.DefaultFWLocation=true
ProjectManager.DeletePrevious=true
USART1.IPParameters=VirtualMode
PC0.Signal=GPIO_Output
VP_RNG_VS_RNG.Mode=RNG_Activate
RCC.APB1CLKDivider=RCC_HCLK_DIV2
PC1.Locked=true
WWDG.EWIMode=WWDG_EWI_ENABLE
PinOutPanel.RotationAngle=0
RCC.FamilyName=M
PE5.GPIOParameters=GPIO_Speed,PinState
RCC.SYSCLKSource=RCC_SYSCLKSOURCE_PLLCLK
ProjectManager.StackSize=0x800
PD12.Locked=true
PD13.Signal=GPIO_Output
Mcu.IP4=USART1
RCC.FCLKCortexFreq_Value=72000000
Mcu.IP5=WWDG
PD13.Locked=true
NVIC.SVCall_IRQn=true\:0\:0\:false\:false\:true\:false\:false
Mcu.IP2=RNG
Mcu.IP3=SYS
PD14.GPIO_Speed=GPIO_SPEED_FREQ_VERY_HIGH
Mcu.IP0=NVIC
Mcu.IP1=RCC
PC0.GPIO_Speed=GPIO_SPEED_FREQ_VERY_HIGH
PE4.GPIOParameters=GPIO_Speed,PinState
PD15.GPIOParameters=GPIO_Speed
Mcu.UserConstants=
PD12.GPIOParameters=GPIO_Speed
ProjectManager.TargetToolchain=Makefile
PC1.GPIOParameters=GPIO_Speed
Mcu.ThirdPartyNb=0
RCC.HCLKFreq_Value=72000000
VP_RNG_VS_RNG.Signal=RNG_VS_RNG
Mcu.IPNb=6
RCC.I2SClocksFreq_Value=192000000
ProjectManager.PreviousToolchain=
RCC.APB2TimFreq_Value=72000000
PB6.Signal=USART1_TX
RCC.VcooutputI2S=192000000
PE4.Locked=true
PB6.Mode=Asynchronous
Mcu.Pin6=PH1-OSC_OUT
PE2.GPIOParameters=GPIO_Speed,PinState,GPIO_PuPd
Mcu.Pin7=PC0
ProjectManager.RegisterCallBack=
PE5.Signal=GPIO_Output
Mcu.Pin8=PC1
Mcu.Pin9=PD12
PE1.Signal=GPIO_Output
RCC.LSE_VALUE=32768
RCC.AHBFreq_Value=72000000
PH0-OSC_IN.Mode=HSE-External-Oscillator
Mcu.Pin0=PE2
Mcu.Pin1=PE3
GPIO.groupedBy=Group By Peripherals
Mcu.Pin2=PE4
Mcu.Pin3=PE5
Mcu.Pin4=PE6
RCC.VCOI2SOutputFreq_Value=384000000
Mcu.Pin5=PH0-OSC_IN
PE2.GPIO_PuPd=GPIO_NOPULL
ProjectManager.ProjectBuild=false
RCC.HSE_VALUE=8000000
NVIC.UsageFault_IRQn=true\:0\:0\:false\:false\:true\:false\:false
NVIC.DebugMonitor_IRQn=true\:0\:0\:false\:false\:true\:false\:false
board=custom
PD13.GPIO_Speed=GPIO_SPEED_FREQ_VERY_HIGH
RCC.VCOOutputFreq_Value=144000000
NVIC.SysTick_IRQn=true\:0\:0\:false\:false\:true\:false\:true
ProjectManager.LastFirmware=false
ProjectManager.FirmwarePackage=STM32Cube FW_F4 V1.25.0
MxDb.Version=DB.6.0.10
RCC.APB2Freq_Value=72000000
ProjectManager.BackupPrevious=false
MxCube.Version=6.1.0
RCC.VCOInputFreq_Value=2000000
PE4.GPIO_Speed=GPIO_SPEED_FREQ_VERY_HIGH
PE1.GPIO_Speed=GPIO_SPEED_FREQ_VERY_HIGH
PE6.GPIO_ModeDefaultOutputPP=GPIO_MODE_OUTPUT_PP
File.Version=6
VP_SYS_VS_Systick.Mode=SysTick
RCC.EthernetFreq_Value=72000000
PE5.PinState=GPIO_PIN_RESET
PE3.GPIOParameters=GPIO_Speed,GPIO_PuPd
PE3.GPIO_PuPd=GPIO_NOPULL
PH1-OSC_OUT.Signal=RCC_OSC_OUT
PC1.GPIO_Speed=GPIO_SPEED_FREQ_VERY_HIGH
PE2.Signal=GPIO_Output
PE3.Locked=true
PB7.Signal=USART1_RX
NVIC.NonMaskableInt_IRQn=true\:0\:0\:false\:false\:true\:false\:false
PE1.Locked=true
PE5.Locked=true
PB6.Locked=true
NVIC.PendSV_IRQn=true\:0\:0\:false\:false\:true\:false\:false
PE6.Signal=GPIO_Output
ProjectManager.FreePins=false
RCC.IPParameters=48MHZClocksFreq_Value,AHBFreq_Value,APB1CLKDivider,APB1Freq_Value,APB1TimFreq_Value,APB2Freq_Value,APB2TimFreq_Value,CortexFreq_Value,EthernetFreq_Value,FCLKCortexFreq_Value,FamilyName,HCLKFreq_Value,HSE_VALUE,HSI_VALUE,I2SClocksFreq_Value,LSE_VALUE,LSI_VALUE,MCO2PinFreq_Value,PLLCLKFreq_Value,PLLM,PLLN,PLLQCLKFreq_Value,PLLSourceVirtual,RTCFreq_Value,RTCHSEDivFreq_Value,SYSCLKFreq_VALUE,SYSCLKSource,VCOI2SOutputFreq_Value,VCOInputFreq_Value,VCOOutputFreq_Value,VcooutputI2S
PE4.Signal=GPIO_Output
ProjectManager.AskForMigrate=true
Mcu.Name=STM32F407V(E-G)Tx
PE6.GPIOParameters=GPIO_Speed,PinState,GPIO_ModeDefaultOutputPP
ProjectManager.HalAssertFull=false
RCC.RTCHSEDivFreq_Value=4000000
ProjectManager.ProjectName=FreeRTOS_robustness_improvement
ProjectManager.UnderRoot=false
PE6.PinState=GPIO_PIN_RESET
PD14.Signal=GPIO_Output
NVIC.WWDG_IRQn=true\:0\:0\:false\:false\:true\:true\:true
ProjectManager.CoupleFile=true
PH1-OSC_OUT.Mode=HSE-External-Oscillator
RCC.48MHZClocksFreq_Value=36000000
RCC.MCO2PinFreq_Value=72000000
PD14.GPIOParameters=GPIO_Speed
RCC.SYSCLKFreq_VALUE=72000000
Mcu.Package=LQFP100
NVIC.ForceEnableDMAVector=true
KeepUserPlacement=false
PE3.GPIO_Speed=GPIO_SPEED_FREQ_VERY_HIGH
PD12.Signal=GPIO_Output
NVIC.MemoryManagement_IRQn=true\:0\:0\:false\:false\:true\:false\:false
USART1.VirtualMode=VM_ASYNC
ProjectManager.CompilerOptimize=6
ProjectManager.ToolChainLocation=
PD14.Locked=true
PD15.Locked=true
RCC.LSI_VALUE=32000
PB7.Mode=Asynchronous
VP_SYS_VS_Systick.Signal=SYS_VS_Systick
ProjectManager.HeapSize=0x8000
Mcu.Pin15=PE1
NVIC.HardFault_IRQn=true\:0\:0\:false\:false\:true\:false\:false
Mcu.Pin16=VP_RNG_VS_RNG
Mcu.Pin13=PB6
Mcu.Pin14=PB7
VP_WWDG_VS_WWDG.Mode=WWDG_Activate
ProjectManager.ComputerToolchain=false
Mcu.Pin17=VP_SYS_VS_Systick
RCC.HSI_VALUE=16000000
Mcu.Pin18=VP_WWDG_VS_WWDG
NVIC.PriorityGroup=NVIC_PRIORITYGROUP_4
Mcu.Pin11=PD14
Mcu.Pin12=PD15
RCC.PLLM=4
RCC.PLLN=72
Mcu.Pin10=PD13
PE5.GPIO_Speed=GPIO_SPEED_FREQ_VERY_HIGH
PB7.Locked=true
RCC.APB1TimFreq_Value=72000000
PE3.Signal=GPIO_Output
PE2.Locked=true
PE4.PinState=GPIO_PIN_RESET
NVIC.BusFault_IRQn=true\:0\:0\:false\:false\:true\:false\:false
PE6.Locked=true
NVIC.USART1_IRQn=true\:0\:0\:false\:false\:true\:true\:true
RCC.APB1Freq_Value=36000000
WWDG.IPParameters=EWIMode
PE6.GPIO_Speed=GPIO_SPEED_FREQ_VERY_HIGH
PD15.Signal=GPIO_Output
ProjectManager.CustomerFirmwarePackage=
PC0.PinState=GPIO_PIN_RESET
PC0.Locked=true
ProjectManager.DeviceId=STM32F407VGTx
PC1.Signal=GPIO_Output
ProjectManager.LibraryCopy=0
PE1.GPIOParameters=GPIO_Speed
VP_WWDG_VS_WWDG.Signal=WWDG_VS_WWDG
